
Microsoft Visual Studio Solution File, Format Version 12.00
Project("{2150E333-8FDC-42A3-9474-1A3956D46DE8}") = "Shared", "Shared", "{81C68A1C-7AFA-4214-AAFA-460C6EF443B9}"
EndProject
Project("{2150E333-8FDC-42A3-9474-1A3956D46DE8}") = "Server", "Server", "{65C58617-FFE6-4A40-BAEF-F29BD6D53AC1}"
EndProject
Project("{2150E333-8FDC-42A3-9474-1A3956D46DE8}") = "Client", "Client", "{D544C485-7DF8-41F8-B38D-82CFBBE511A8}"
EndProject
Project("{FAE04EC0-301F-11D3-BF4B-00C04F79EFBC}") = "API", "Server\API\API.csproj", "{6751FB31-D991-47A2-87E7-ABA44118108A}"
EndProject
Project("{FAE04EC0-301F-11D3-BF4B-00C04F79EFBC}") = "BlazorApp", "Client\BlazorApp\BlazorApp.csproj", "{6B7B6265-5552-478C-9DD0-B0D0DF12B483}"
EndProject
Project("{FAE04EC0-301F-11D3-BF4B-00C04F79EFBC}") = "HttpClients", "Shared\HttpClients\HttpClients.csproj", "{AC879D49-12E9-4914-9696-D0D3B3D08F07}"
EndProject
Project("{FAE04EC0-301F-11D3-BF4B-00C04F79EFBC}") = "Domain", "Shared\Domain\Domain.csproj", "{37481890-9C70-46BD-BFFE-7D7AB7321524}"
EndProject
Project("{FAE04EC0-301F-11D3-BF4B-00C04F79EFBC}") = "App", "Server\App\App.csproj", "{0E008931-007C-4FEB-AADA-8F1154ED849A}"
EndProject
Project("{2150E333-8FDC-42A3-9474-1A3956D46DE8}") = "Tests", "Tests", "{65325D08-6722-4403-A64F-3EF95D33697B}"
EndProject
Project("{FAE04EC0-301F-11D3-BF4B-00C04F79EFBC}") = "Logic", "Logic\Logic.csproj", "{A05377D5-79B5-4569-8814-F72384D5CC9C}"
EndProject
Project("{FAE04EC0-301F-11D3-BF4B-00C04F79EFBC}") = "HttpClient", "Tests\HttpClient\HttpClient.csproj", "{F0CA114B-2D47-45E9-BF89-A773AAD0DB98}"
EndProject
Global
	GlobalSection(SolutionConfigurationPlatforms) = preSolution
		Debug|Any CPU = Debug|Any CPU
		Release|Any CPU = Release|Any CPU
	EndGlobalSection
	GlobalSection(ProjectConfigurationPlatforms) = postSolution
		{6751FB31-D991-47A2-87E7-ABA44118108A}.Debug|Any CPU.ActiveCfg = Debug|Any CPU
		{6751FB31-D991-47A2-87E7-ABA44118108A}.Debug|Any CPU.Build.0 = Debug|Any CPU
		{6751FB31-D991-47A2-87E7-ABA44118108A}.Release|Any CPU.ActiveCfg = Release|Any CPU
		{6751FB31-D991-47A2-87E7-ABA44118108A}.Release|Any CPU.Build.0 = Release|Any CPU
		{6B7B6265-5552-478C-9DD0-B0D0DF12B483}.Debug|Any CPU.ActiveCfg = Debug|Any CPU
		{6B7B6265-5552-478C-9DD0-B0D0DF12B483}.Debug|Any CPU.Build.0 = Debug|Any CPU
		{6B7B6265-5552-478C-9DD0-B0D0DF12B483}.Release|Any CPU.ActiveCfg = Release|Any CPU
		{6B7B6265-5552-478C-9DD0-B0D0DF12B483}.Release|Any CPU.Build.0 = Release|Any CPU
		{AC879D49-12E9-4914-9696-D0D3B3D08F07}.Debug|Any CPU.ActiveCfg = Debug|Any CPU
		{AC879D49-12E9-4914-9696-D0D3B3D08F07}.Debug|Any CPU.Build.0 = Debug|Any CPU
		{AC879D49-12E9-4914-9696-D0D3B3D08F07}.Release|Any CPU.ActiveCfg = Release|Any CPU
		{AC879D49-12E9-4914-9696-D0D3B3D08F07}.Release|Any CPU.Build.0 = Release|Any CPU
		{37481890-9C70-46BD-BFFE-7D7AB7321524}.Debug|Any CPU.ActiveCfg = Debug|Any CPU
		{37481890-9C70-46BD-BFFE-7D7AB7321524}.Debug|Any CPU.Build.0 = Debug|Any CPU
		{37481890-9C70-46BD-BFFE-7D7AB7321524}.Release|Any CPU.ActiveCfg = Release|Any CPU
		{37481890-9C70-46BD-BFFE-7D7AB7321524}.Release|Any CPU.Build.0 = Release|Any CPU
		{0E008931-007C-4FEB-AADA-8F1154ED849A}.Debug|Any CPU.ActiveCfg = Debug|Any CPU
		{0E008931-007C-4FEB-AADA-8F1154ED849A}.Debug|Any CPU.Build.0 = Debug|Any CPU
		{0E008931-007C-4FEB-AADA-8F1154ED849A}.Release|Any CPU.ActiveCfg = Release|Any CPU
		{0E008931-007C-4FEB-AADA-8F1154ED849A}.Release|Any CPU.Build.0 = Release|Any CPU
		{A05377D5-79B5-4569-8814-F72384D5CC9C}.Debug|Any CPU.ActiveCfg = Debug|Any CPU
		{A05377D5-79B5-4569-8814-F72384D5CC9C}.Debug|Any CPU.Build.0 = Debug|Any CPU
		{A05377D5-79B5-4569-8814-F72384D5CC9C}.Release|Any CPU.ActiveCfg = Release|Any CPU
		{A05377D5-79B5-4569-8814-F72384D5CC9C}.Release|Any CPU.Build.0 = Release|Any CPU
		{F0CA114B-2D47-45E9-BF89-A773AAD0DB98}.Debug|Any CPU.ActiveCfg = Debug|Any CPU
		{F0CA114B-2D47-45E9-BF89-A773AAD0DB98}.Debug|Any CPU.Build.0 = Debug|Any CPU
		{F0CA114B-2D47-45E9-BF89-A773AAD0DB98}.Release|Any CPU.ActiveCfg = Release|Any CPU
		{F0CA114B-2D47-45E9-BF89-A773AAD0DB98}.Release|Any CPU.Build.0 = Release|Any CPU
	EndGlobalSection
	GlobalSection(NestedProjects) = preSolution
		{6751FB31-D991-47A2-87E7-ABA44118108A} = {65C58617-FFE6-4A40-BAEF-F29BD6D53AC1}
		{6B7B6265-5552-478C-9DD0-B0D0DF12B483} = {D544C485-7DF8-41F8-B38D-82CFBBE511A8}
		{AC879D49-12E9-4914-9696-D0D3B3D08F07} = {81C68A1C-7AFA-4214-AAFA-460C6EF443B9}
		{37481890-9C70-46BD-BFFE-7D7AB7321524} = {81C68A1C-7AFA-4214-AAFA-460C6EF443B9}
		{0E008931-007C-4FEB-AADA-8F1154ED849A} = {65C58617-FFE6-4A40-BAEF-F29BD6D53AC1}
		{A05377D5-79B5-4569-8814-F72384D5CC9C} = {65325D08-6722-4403-A64F-3EF95D33697B}
		{F0CA114B-2D47-45E9-BF89-A773AAD0DB98} = {65325D08-6722-4403-A64F-3EF95D33697B}
	EndGlobalSection
EndGlobal
